
Microsoft Visual Studio Solution File, Format Version 12.00
# Visual Studio 2012
Project("{8BC9CEB8-8B4A-11D0-8D11-00A0C91BC942}") = "TestCase_0001", "TestCase_0001\TestCase_0001.vcxproj", "{1C20A431-B383-49C5-B7BB-078049EACAD5}"
EndProject
Project("{8BC9CEB8-8B4A-11D0-8D11-00A0C91BC942}") = "TestCase_0002", "TestCase_0002\TestCase_0002.vcxproj", "{E0E773D2-169A-45A9-941C-817A1870856E}"
EndProject
Project("{8BC9CEB8-8B4A-11D0-8D11-00A0C91BC942}") = "TestCase_0003", "TestCase_0003\TestCase_0003.vcxproj", "{89FE3874-8D15-4C4D-81ED-5FF8530AC530}"
EndProject
Project("{8BC9CEB8-8B4A-11D0-8D11-00A0C91BC942}") = "TestCase_0004", "TestCase_0004\TestCase_0004.vcxproj", "{AB5B8405-6D9B-4554-A295-FF24F8B15201}"
EndProject
Project("{8BC9CEB8-8B4A-11D0-8D11-00A0C91BC942}") = "TestCase_0007", "TestCase_0007\TestCase_0007.vcxproj", "{46391E82-251F-401B-B899-6456BCD50A05}"
EndProject
Project("{8BC9CEB8-8B4A-11D0-8D11-00A0C91BC942}") = "TestCase_0008", "TestCase_0008\TestCase_0008.vcxproj", "{44D75741-AEF2-417C-8D2B-91D8DAB019D8}"
EndProject
Project("{8BC9CEB8-8B4A-11D0-8D11-00A0C91BC942}") = "TestCase_0009", "TestCase_0009\TestCase_0009.vcxproj", "{8E453D84-ADE3-4715-860B-49BD2039821E}"
EndProject
Project("{8BC9CEB8-8B4A-11D0-8D11-00A0C91BC942}") = "TestCase_0010A", "TestCase_0010A\TestCase_0010A.vcxproj", "{59800A95-7FBE-4104-8A6D-42EBA248D3ED}"
EndProject
Project("{8BC9CEB8-8B4A-11D0-8D11-00A0C91BC942}") = "TestCase_0010B", "TestCase_0010B\TestCase_0010B.vcxproj", "{A2DF643D-8C1A-48F2-97FF-4BD8DF2DB126}"
EndProject
Project("{8BC9CEB8-8B4A-11D0-8D11-00A0C91BC942}") = "TestCase_0005A", "TestCase_0005A\TestCase_0005A.vcxproj", "{4A424E98-214D-4A11-B797-B820E073D652}"
EndProject
Project("{8BC9CEB8-8B4A-11D0-8D11-00A0C91BC942}") = "TestCase_0005B", "TestCase_0005B\TestCase_0005B.vcxproj", "{79D3AD80-0F10-40C8-8E8D-ABB94A910B57}"
EndProject
Project("{8BC9CEB8-8B4A-11D0-8D11-00A0C91BC942}") = "TestCase_0005C", "TestCase_0005C\TestCase_0005C.vcxproj", "{FB7CD003-5534-4621-8F8A-E73E49C5ADBD}"
EndProject
Project("{8BC9CEB8-8B4A-11D0-8D11-00A0C91BC942}") = "TestCase_0006A", "TestCase_0006A\TestCase_0006A.vcxproj", "{57E0A31E-D8B2-4A41-BBFF-2F5C9A358855}"
EndProject
Project("{8BC9CEB8-8B4A-11D0-8D11-00A0C91BC942}") = "TestCase_0006B", "TestCase_0006B\TestCase_0006B.vcxproj", "{484A1111-B0B7-424B-91E0-323505F341A4}"
EndProject
Project("{8BC9CEB8-8B4A-11D0-8D11-00A0C91BC942}") = "TestCase_0006C", "TestCase_0006C\TestCase_0006C.vcxproj", "{DD398160-E988-4D98-9FAF-C63B7353E107}"
EndProject
Project("{8BC9CEB8-8B4A-11D0-8D11-00A0C91BC942}") = "TestCase_0007A", "TestCase_0007A\TestCase_0007A.vcxproj", "{52A6B6EE-654D-4CEB-83B0-9593C328A1DE}"
EndProject
Project("{8BC9CEB8-8B4A-11D0-8D11-00A0C91BC942}") = "TestCase_0007B", "TestCase_0007B\TestCase_0007B.vcxproj", "{CC534173-FE81-44ED-A9CC-27774CA9351F}"
EndProject
Project("{8BC9CEB8-8B4A-11D0-8D11-00A0C91BC942}") = "TestCase_0007C", "TestCase_0007C\TestCase_0007C.vcxproj", "{C86377B7-AE81-4E35-BEA1-A8834CA3165A}"
EndProject
Global
	GlobalSection(SolutionConfigurationPlatforms) = preSolution
		Debug|Win32 = Debug|Win32
		Release|Win32 = Release|Win32
	EndGlobalSection
	GlobalSection(ProjectConfigurationPlatforms) = postSolution
		{1C20A431-B383-49C5-B7BB-078049EACAD5}.Debug|Win32.ActiveCfg = Debug|Win32
		{1C20A431-B383-49C5-B7BB-078049EACAD5}.Debug|Win32.Build.0 = Debug|Win32
		{1C20A431-B383-49C5-B7BB-078049EACAD5}.Release|Win32.ActiveCfg = Release|Win32
		{1C20A431-B383-49C5-B7BB-078049EACAD5}.Release|Win32.Build.0 = Release|Win32
		{E0E773D2-169A-45A9-941C-817A1870856E}.Debug|Win32.ActiveCfg = Debug|Win32
		{E0E773D2-169A-45A9-941C-817A1870856E}.Debug|Win32.Build.0 = Debug|Win32
		{E0E773D2-169A-45A9-941C-817A1870856E}.Release|Win32.ActiveCfg = Release|Win32
		{E0E773D2-169A-45A9-941C-817A1870856E}.Release|Win32.Build.0 = Release|Win32
		{89FE3874-8D15-4C4D-81ED-5FF8530AC530}.Debug|Win32.ActiveCfg = Debug|Win32
		{89FE3874-8D15-4C4D-81ED-5FF8530AC530}.Debug|Win32.Build.0 = Debug|Win32
		{89FE3874-8D15-4C4D-81ED-5FF8530AC530}.Release|Win32.ActiveCfg = Release|Win32
		{89FE3874-8D15-4C4D-81ED-5FF8530AC530}.Release|Win32.Build.0 = Release|Win32
		{AB5B8405-6D9B-4554-A295-FF24F8B15201}.Debug|Win32.ActiveCfg = Debug|Win32
		{AB5B8405-6D9B-4554-A295-FF24F8B15201}.Debug|Win32.Build.0 = Debug|Win32
		{AB5B8405-6D9B-4554-A295-FF24F8B15201}.Release|Win32.ActiveCfg = Release|Win32
		{AB5B8405-6D9B-4554-A295-FF24F8B15201}.Release|Win32.Build.0 = Release|Win32
		{46391E82-251F-401B-B899-6456BCD50A05}.Debug|Win32.ActiveCfg = Debug|Win32
		{46391E82-251F-401B-B899-6456BCD50A05}.Debug|Win32.Build.0 = Debug|Win32
		{46391E82-251F-401B-B899-6456BCD50A05}.Release|Win32.ActiveCfg = Release|Win32
		{46391E82-251F-401B-B899-6456BCD50A05}.Release|Win32.Build.0 = Release|Win32
		{44D75741-AEF2-417C-8D2B-91D8DAB019D8}.Debug|Win32.ActiveCfg = Debug|Win32
		{44D75741-AEF2-417C-8D2B-91D8DAB019D8}.Debug|Win32.Build.0 = Debug|Win32
		{44D75741-AEF2-417C-8D2B-91D8DAB019D8}.Release|Win32.ActiveCfg = Release|Win32
		{44D75741-AEF2-417C-8D2B-91D8DAB019D8}.Release|Win32.Build.0 = Release|Win32
		{8E453D84-ADE3-4715-860B-49BD2039821E}.Debug|Win32.ActiveCfg = Debug|Win32
		{8E453D84-ADE3-4715-860B-49BD2039821E}.Debug|Win32.Build.0 = Debug|Win32
		{8E453D84-ADE3-4715-860B-49BD2039821E}.Release|Win32.ActiveCfg = Release|Win32
		{8E453D84-ADE3-4715-860B-49BD2039821E}.Release|Win32.Build.0 = Release|Win32
		{59800A95-7FBE-4104-8A6D-42EBA248D3ED}.Debug|Win32.ActiveCfg = Debug|Win32
		{59800A95-7FBE-4104-8A6D-42EBA248D3ED}.Debug|Win32.Build.0 = Debug|Win32
		{59800A95-7FBE-4104-8A6D-42EBA248D3ED}.Release|Win32.ActiveCfg = Release|Win32
		{59800A95-7FBE-4104-8A6D-42EBA248D3ED}.Release|Win32.Build.0 = Release|Win32
		{A2DF643D-8C1A-48F2-97FF-4BD8DF2DB126}.Debug|Win32.ActiveCfg = Debug|Win32
		{A2DF643D-8C1A-48F2-97FF-4BD8DF2DB126}.Debug|Win32.Build.0 = Debug|Win32
		{A2DF643D-8C1A-48F2-97FF-4BD8DF2DB126}.Release|Win32.ActiveCfg = Release|Win32
		{A2DF643D-8C1A-48F2-97FF-4BD8DF2DB126}.Release|Win32.Build.0 = Release|Win32
		{4A424E98-214D-4A11-B797-B820E073D652}.Debug|Win32.ActiveCfg = Debug|Win32
		{4A424E98-214D-4A11-B797-B820E073D652}.Debug|Win32.Build.0 = Debug|Win32
		{4A424E98-214D-4A11-B797-B820E073D652}.Release|Win32.ActiveCfg = Release|Win32
		{4A424E98-214D-4A11-B797-B820E073D652}.Release|Win32.Build.0 = Release|Win32
		{79D3AD80-0F10-40C8-8E8D-ABB94A910B57}.Debug|Win32.ActiveCfg = Debug|Win32
		{79D3AD80-0F10-40C8-8E8D-ABB94A910B57}.Debug|Win32.Build.0 = Debug|Win32
		{79D3AD80-0F10-40C8-8E8D-ABB94A910B57}.Release|Win32.ActiveCfg = Release|Win32
		{79D3AD80-0F10-40C8-8E8D-ABB94A910B57}.Release|Win32.Build.0 = Release|Win32
		{FB7CD003-5534-4621-8F8A-E73E49C5ADBD}.Debug|Win32.ActiveCfg = Debug|Win32
		{FB7CD003-5534-4621-8F8A-E73E49C5ADBD}.Debug|Win32.Build.0 = Debug|Win32
		{FB7CD003-5534-4621-8F8A-E73E49C5ADBD}.Release|Win32.ActiveCfg = Release|Win32
		{FB7CD003-5534-4621-8F8A-E73E49C5ADBD}.Release|Win32.Build.0 = Release|Win32
		{57E0A31E-D8B2-4A41-BBFF-2F5C9A358855}.Debug|Win32.ActiveCfg = Debug|Win32
		{57E0A31E-D8B2-4A41-BBFF-2F5C9A358855}.Debug|Win32.Build.0 = Debug|Win32
		{57E0A31E-D8B2-4A41-BBFF-2F5C9A358855}.Release|Win32.ActiveCfg = Release|Win32
		{57E0A31E-D8B2-4A41-BBFF-2F5C9A358855}.Release|Win32.Build.0 = Release|Win32
		{484A1111-B0B7-424B-91E0-323505F341A4}.Debug|Win32.ActiveCfg = Debug|Win32
		{484A1111-B0B7-424B-91E0-323505F341A4}.Debug|Win32.Build.0 = Debug|Win32
		{484A1111-B0B7-424B-91E0-323505F341A4}.Release|Win32.ActiveCfg = Release|Win32
		{484A1111-B0B7-424B-91E0-323505F341A4}.Release|Win32.Build.0 = Release|Win32
		{DD398160-E988-4D98-9FAF-C63B7353E107}.Debug|Win32.ActiveCfg = Debug|Win32
		{DD398160-E988-4D98-9FAF-C63B7353E107}.Debug|Win32.Build.0 = Debug|Win32
		{DD398160-E988-4D98-9FAF-C63B7353E107}.Release|Win32.ActiveCfg = Release|Win32
		{DD398160-E988-4D98-9FAF-C63B7353E107}.Release|Win32.Build.0 = Release|Win32
		{52A6B6EE-654D-4CEB-83B0-9593C328A1DE}.Debug|Win32.ActiveCfg = Debug|Win32
		{52A6B6EE-654D-4CEB-83B0-9593C328A1DE}.Debug|Win32.Build.0 = Debug|Win32
		{52A6B6EE-654D-4CEB-83B0-9593C328A1DE}.Release|Win32.ActiveCfg = Release|Win32
		{52A6B6EE-654D-4CEB-83B0-9593C328A1DE}.Release|Win32.Build.0 = Release|Win32
		{CC534173-FE81-44ED-A9CC-27774CA9351F}.Debug|Win32.ActiveCfg = Debug|Win32
		{CC534173-FE81-44ED-A9CC-27774CA9351F}.Debug|Win32.Build.0 = Debug|Win32
		{CC534173-FE81-44ED-A9CC-27774CA9351F}.Release|Win32.ActiveCfg = Release|Win32
		{CC534173-FE81-44ED-A9CC-27774CA9351F}.Release|Win32.Build.0 = Release|Win32
		{C86377B7-AE81-4E35-BEA1-A8834CA3165A}.Debug|Win32.ActiveCfg = Debug|Win32
		{C86377B7-AE81-4E35-BEA1-A8834CA3165A}.Debug|Win32.Build.0 = Debug|Win32
		{C86377B7-AE81-4E35-BEA1-A8834CA3165A}.Release|Win32.ActiveCfg = Release|Win32
		{C86377B7-AE81-4E35-BEA1-A8834CA3165A}.Release|Win32.Build.0 = Release|Win32
	EndGlobalSection
	GlobalSection(SolutionProperties) = preSolution
		HideSolutionNode = FALSE
	EndGlobalSection
EndGlobal
